// !$*UTF8*$!
{
	archiveVersion = 1;
	classes = {
	};
	objectVersion = 46;
	objects = {

/* Begin PBXBuildFile section */
		E415D3BC1637D2EB00975352 /* UIKit.framework in Frameworks */ = {isa = PBXBuildFile; fileRef = E415D3BB1637D2EB00975352 /* UIKit.framework */; };
		E415D3BE1637D2EB00975352 /* Foundation.framework in Frameworks */ = {isa = PBXBuildFile; fileRef = E415D3BD1637D2EB00975352 /* Foundation.framework */; };
		E415D3C01637D2EB00975352 /* CoreGraphics.framework in Frameworks */ = {isa = PBXBuildFile; fileRef = E415D3BF1637D2EB00975352 /* CoreGraphics.framework */; };
		E415D3C61637D2EB00975352 /* InfoPlist.strings in Resources */ = {isa = PBXBuildFile; fileRef = E415D3C41637D2EB00975352 /* InfoPlist.strings */; };
		E415D3C81637D2EB00975352 /* main.m in Sources */ = {isa = PBXBuildFile; fileRef = E415D3C71637D2EB00975352 /* main.m */; };
		E415D3CC1637D2EB00975352 /* CLAppDelegate.m in Sources */ = {isa = PBXBuildFile; fileRef = E415D3CB1637D2EB00975352 /* CLAppDelegate.m */; };
		E415D3CE1637D2EB00975352 /* Default.png in Resources */ = {isa = PBXBuildFile; fileRef = E415D3CD1637D2EB00975352 /* Default.png */; };
		E415D3D01637D2EB00975352 /* Default@2x.png in Resources */ = {isa = PBXBuildFile; fileRef = E415D3CF1637D2EB00975352 /* Default@2x.png */; };
		E415D3D21637D2EB00975352 /* Default-568h@2x.png in Resources */ = {isa = PBXBuildFile; fileRef = E415D3D11637D2EB00975352 /* Default-568h@2x.png */; };
		E415D3D51637D2EB00975352 /* MainStoryboard.storyboard in Resources */ = {isa = PBXBuildFile; fileRef = E415D3D31637D2EB00975352 /* MainStoryboard.storyboard */; };
		E415D3E01637D31300975352 /* citylist.plist in Resources */ = {isa = PBXBuildFile; fileRef = E415D3DF1637D31300975352 /* citylist.plist */; };
		E415D4331637D32000975352 /* Akihabara.jpg in Resources */ = {isa = PBXBuildFile; fileRef = E415D3E21637D32000975352 /* Akihabara.jpg */; };
		E415D4341637D32000975352 /* Auckland.jpg in Resources */ = {isa = PBXBuildFile; fileRef = E415D3E31637D32000975352 /* Auckland.jpg */; };
		E415D4351637D32000975352 /* Barcelona.jpg in Resources */ = {isa = PBXBuildFile; fileRef = E415D3E41637D32000975352 /* Barcelona.jpg */; };
		E415D4361637D32000975352 /* Beijing.jpg in Resources */ = {isa = PBXBuildFile; fileRef = E415D3E51637D32000975352 /* Beijing.jpg */; };
		E415D4371637D32000975352 /* Berlin.jpg in Resources */ = {isa = PBXBuildFile; fileRef = E415D3E61637D32000975352 /* Berlin.jpg */; };
		E415D4381637D32000975352 /* Birmingham.jpg in Resources */ = {isa = PBXBuildFile; fileRef = E415D3E71637D32000975352 /* Birmingham.jpg */; };
		E415D4391637D32000975352 /* Boston.jpg in Resources */ = {isa = PBXBuildFile; fileRef = E415D3E81637D32000975352 /* Boston.jpg */; };
		E415D43A1637D32000975352 /* BuenosAires.jpg in Resources */ = {isa = PBXBuildFile; fileRef = E415D3E91637D32000975352 /* BuenosAires.jpg */; };
		E415D43B1637D32000975352 /* Canberra.jpg in Resources */ = {isa = PBXBuildFile; fileRef = E415D3EA1637D32000975352 /* Canberra.jpg */; };
		E415D43C1637D32000975352 /* Chiba.jpg in Resources */ = {isa = PBXBuildFile; fileRef = E415D3EB1637D32000975352 /* Chiba.jpg */; };
		E415D43D1637D32000975352 /* Chicago.jpg in Resources */ = {isa = PBXBuildFile; fileRef = E415D3EC1637D32000975352 /* Chicago.jpg */; };
		E415D43E1637D32000975352 /* Chongqing.jpg in Resources */ = {isa = PBXBuildFile; fileRef = E415D3ED1637D32000975352 /* Chongqing.jpg */; };
		E415D43F1637D32000975352 /* Cologne.jpg in Resources */ = {isa = PBXBuildFile; fileRef = E415D3EE1637D32000975352 /* Cologne.jpg */; };
		E415D4401637D32000975352 /* Cupertino.jpg in Resources */ = {isa = PBXBuildFile; fileRef = E415D3EF1637D32000975352 /* Cupertino.jpg */; };
		E415D4411637D32000975352 /* Edinburgh.jpg in Resources */ = {isa = PBXBuildFile; fileRef = E415D3F01637D32000975352 /* Edinburgh.jpg */; };
		E415D4421637D32000975352 /* Florence.jpg in Resources */ = {isa = PBXBuildFile; fileRef = E415D3F11637D32000975352 /* Florence.jpg */; };
		E415D4431637D32000975352 /* Frankfurt.jpg in Resources */ = {isa = PBXBuildFile; fileRef = E415D3F21637D32000975352 /* Frankfurt.jpg */; };
		E415D4441637D32000975352 /* Ginza.jpg in Resources */ = {isa = PBXBuildFile; fileRef = E415D3F31637D32000975352 /* Ginza.jpg */; };
		E415D4451637D32000975352 /* Guangzhou.jpg in Resources */ = {isa = PBXBuildFile; fileRef = E415D3F41637D32000975352 /* Guangzhou.jpg */; };
		E415D4461637D32000975352 /* Hamburg.jpg in Resources */ = {isa = PBXBuildFile; fileRef = E415D3F51637D32000975352 /* Hamburg.jpg */; };
		E415D4471637D32000975352 /* HongKong.jpg in Resources */ = {isa = PBXBuildFile; fileRef = E415D3F61637D32000975352 /* HongKong.jpg */; };
		E415D4481637D32000975352 /* Houston.jpg in Resources */ = {isa = PBXBuildFile; fileRef = E415D3F71637D32000975352 /* Houston.jpg */; };
		E415D4491637D32000975352 /* Hualien.jpg in Resources */ = {isa = PBXBuildFile; fileRef = E415D3F81637D32000975352 /* Hualien.jpg */; };
		E415D44A1637D32000975352 /* Ikebukuro.jpg in Resources */ = {isa = PBXBuildFile; fileRef = E415D3F91637D32000975352 /* Ikebukuro.jpg */; };
		E415D44B1637D32000975352 /* Kaohsiung.jpg in Resources */ = {isa = PBXBuildFile; fileRef = E415D3FA1637D32000975352 /* Kaohsiung.jpg */; };
		E415D44C1637D32000975352 /* Kobe.jpg in Resources */ = {isa = PBXBuildFile; fileRef = E415D3FB1637D32000975352 /* Kobe.jpg */; };
		E415D44D1637D32000975352 /* KualaLumpur.jpg in Resources */ = {isa = PBXBuildFile; fileRef = E415D3FC1637D32000975352 /* KualaLumpur.jpg */; };
		E415D44E1637D32000975352 /* Kyoto.jpg in Resources */ = {isa = PBXBuildFile; fileRef = E415D3FD1637D32000975352 /* Kyoto.jpg */; };
		E415D44F1637D32000975352 /* Leeds.jpg in Resources */ = {isa = PBXBuildFile; fileRef = E415D3FE1637D32000975352 /* Leeds.jpg */; };
		E415D4501637D32000975352 /* Liverpool.jpg in Resources */ = {isa = PBXBuildFile; fileRef = E415D3FF1637D32000975352 /* Liverpool.jpg */; };
		E415D4511637D32000975352 /* London.jpg in Resources */ = {isa = PBXBuildFile; fileRef = E415D4001637D32000975352 /* London.jpg */; };
		E415D4521637D32000975352 /* LosAngeles.jpg in Resources */ = {isa = PBXBuildFile; fileRef = E415D4011637D32000975352 /* LosAngeles.jpg */; };
		E415D4531637D32000975352 /* Lyon.jpg in Resources */ = {isa = PBXBuildFile; fileRef = E415D4021637D32000975352 /* Lyon.jpg */; };
		E415D4541637D32000975352 /* Madrid.jpg in Resources */ = {isa = PBXBuildFile; fileRef = E415D4031637D32000975352 /* Madrid.jpg */; };
		E415D4551637D32000975352 /* Manchester.jpg in Resources */ = {isa = PBXBuildFile; fileRef = E415D4041637D32000975352 /* Manchester.jpg */; };
		E415D4561637D32000975352 /* Marseille.jpg in Resources */ = {isa = PBXBuildFile; fileRef = E415D4051637D32000975352 /* Marseille.jpg */; };
		E415D4571637D32000975352 /* Meguro.jpg in Resources */ = {isa = PBXBuildFile; fileRef = E415D4061637D32000975352 /* Meguro.jpg */; };
		E415D4581637D32000975352 /* Miami.jpg in Resources */ = {isa = PBXBuildFile; fileRef = E415D4071637D32000975352 /* Miami.jpg */; };
		E415D4591637D32000975352 /* Milan.jpg in Resources */ = {isa = PBXBuildFile; fileRef = E415D4081637D32000975352 /* Milan.jpg */; };
		E415D45A1637D32000975352 /* Montreal.jpg in Resources */ = {isa = PBXBuildFile; fileRef = E415D4091637D32000975352 /* Montreal.jpg */; };
		E415D45B1637D32000975352 /* MountainView.jpg in Resources */ = {isa = PBXBuildFile; fileRef = E415D40A1637D32000975352 /* MountainView.jpg */; };
		E415D45C1637D32000975352 /* Munich.jpg in Resources */ = {isa = PBXBuildFile; fileRef = E415D40B1637D32000975352 /* Munich.jpg */; };
		E415D45D1637D32000975352 /* Nagoya.jpg in Resources */ = {isa = PBXBuildFile; fileRef = E415D40C1637D32000975352 /* Nagoya.jpg */; };
		E415D45E1637D32000975352 /* Nanjing.jpg in Resources */ = {isa = PBXBuildFile; fileRef = E415D40D1637D32000975352 /* Nanjing.jpg */; };
		E415D45F1637D32000975352 /* Narita.jpg in Resources */ = {isa = PBXBuildFile; fileRef = E415D40E1637D32000975352 /* Narita.jpg */; };
		E415D4601637D32000975352 /* NewYork.jpg in Resources */ = {isa = PBXBuildFile; fileRef = E415D40F1637D32000975352 /* NewYork.jpg */; };
		E415D4611637D32000975352 /* Osaka.jpg in Resources */ = {isa = PBXBuildFile; fileRef = E415D4101637D32000975352 /* Osaka.jpg */; };
		E415D4621637D32000975352 /* Oxford.jpg in Resources */ = {isa = PBXBuildFile; fileRef = E415D4111637D32000975352 /* Oxford.jpg */; };
		E415D4631637D32000975352 /* PaloAlto.jpg in Resources */ = {isa = PBXBuildFile; fileRef = E415D4121637D32000975352 /* PaloAlto.jpg */; };
		E415D4641637D32000975352 /* Paris.jpg in Resources */ = {isa = PBXBuildFile; fileRef = E415D4131637D32000975352 /* Paris.jpg */; };
		E415D4651637D32000975352 /* Philadelphia.jpg in Resources */ = {isa = PBXBuildFile; fileRef = E415D4141637D32000975352 /* Philadelphia.jpg */; };
		E415D4661637D32000975352 /* RioDeJaneiro.jpg in Resources */ = {isa = PBXBuildFile; fileRef = E415D4151637D32000975352 /* RioDeJaneiro.jpg */; };
		E415D4671637D32000975352 /* Rome.jpg in Resources */ = {isa = PBXBuildFile; fileRef = E415D4161637D32000975352 /* Rome.jpg */; };
		E415D4681637D32000975352 /* Salvador.jpg in Resources */ = {isa = PBXBuildFile; fileRef = E415D4171637D32000975352 /* Salvador.jpg */; };
		E415D4691637D32000975352 /* SanFrancisco.jpg in Resources */ = {isa = PBXBuildFile; fileRef = E415D4181637D32000975352 /* SanFrancisco.jpg */; };
		E415D46A1637D32000975352 /* SaoPaulo.jpg in Resources */ = {isa = PBXBuildFile; fileRef = E415D4191637D32000975352 /* SaoPaulo.jpg */; };
		E415D46B1637D32000975352 /* Sapporo.jpg in Resources */ = {isa = PBXBuildFile; fileRef = E415D41A1637D32000975352 /* Sapporo.jpg */; };
		E415D46C1637D32000975352 /* Seattle.jpg in Resources */ = {isa = PBXBuildFile; fileRef = E415D41B1637D32000975352 /* Seattle.jpg */; };
		E415D46D1637D32000975352 /* Shanghai.jpg in Resources */ = {isa = PBXBuildFile; fileRef = E415D41C1637D32000975352 /* Shanghai.jpg */; };
		E415D46E1637D32000975352 /* Shenyang.jpg in Resources */ = {isa = PBXBuildFile; fileRef = E415D41D1637D32000975352 /* Shenyang.jpg */; };
		E415D46F1637D32000975352 /* Shibuya.jpg in Resources */ = {isa = PBXBuildFile; fileRef = E415D41E1637D32000975352 /* Shibuya.jpg */; };
		E415D4701637D32000975352 /* Shinagawa.jpg in Resources */ = {isa = PBXBuildFile; fileRef = E415D41F1637D32000975352 /* Shinagawa.jpg */; };
		E415D4711637D32000975352 /* Shinjuku.jpg in Resources */ = {isa = PBXBuildFile; fileRef = E415D4201637D32000975352 /* Shinjuku.jpg */; };
		E415D4721637D32000975352 /* Singapore.jpg in Resources */ = {isa = PBXBuildFile; fileRef = E415D4211637D32000975352 /* Singapore.jpg */; };
		E415D4731637D32000975352 /* Sumida.jpg in Resources */ = {isa = PBXBuildFile; fileRef = E415D4221637D32000975352 /* Sumida.jpg */; };
		E415D4741637D32000975352 /* Sydney.jpg in Resources */ = {isa = PBXBuildFile; fileRef = E415D4231637D32000975352 /* Sydney.jpg */; };
		E415D4751637D32000975352 /* Taichung.jpg in Resources */ = {isa = PBXBuildFile; fileRef = E415D4241637D32000975352 /* Taichung.jpg */; };
		E415D4761637D32000975352 /* Tainan.jpg in Resources */ = {isa = PBXBuildFile; fileRef = E415D4251637D32000975352 /* Tainan.jpg */; };
		E415D4771637D32000975352 /* Taipei.jpg in Resources */ = {isa = PBXBuildFile; fileRef = E415D4261637D32000975352 /* Taipei.jpg */; };
		E415D4781637D32000975352 /* Tianjin.jpg in Resources */ = {isa = PBXBuildFile; fileRef = E415D4271637D32000975352 /* Tianjin.jpg */; };
		E415D4791637D32000975352 /* Tokyo.jpg in Resources */ = {isa = PBXBuildFile; fileRef = E415D4281637D32000975352 /* Tokyo.jpg */; };
		E415D47A1637D32000975352 /* Toronto.jpg in Resources */ = {isa = PBXBuildFile; fileRef = E415D4291637D32000975352 /* Toronto.jpg */; };
		E415D47B1637D32000975352 /* Ueno.jpg in Resources */ = {isa = PBXBuildFile; fileRef = E415D42A1637D32000975352 /* Ueno.jpg */; };
		E415D47C1637D32000975352 /* Vancouver.jpg in Resources */ = {isa = PBXBuildFile; fileRef = E415D42B1637D32000975352 /* Vancouver.jpg */; };
		E415D47D1637D32000975352 /* Victoria.jpg in Resources */ = {isa = PBXBuildFile; fileRef = E415D42C1637D32000975352 /* Victoria.jpg */; };
		E415D47E1637D32000975352 /* Washington.jpg in Resources */ = {isa = PBXBuildFile; fileRef = E415D42D1637D32000975352 /* Washington.jpg */; };
		E415D47F1637D32000975352 /* Wellington.jpg in Resources */ = {isa = PBXBuildFile; fileRef = E415D42E1637D32000975352 /* Wellington.jpg */; };
		E415D4801637D32000975352 /* Wells.jpg in Resources */ = {isa = PBXBuildFile; fileRef = E415D42F1637D32000975352 /* Wells.jpg */; };
		E415D4811637D32000975352 /* Westminster.jpg in Resources */ = {isa = PBXBuildFile; fileRef = E415D4301637D32000975352 /* Westminster.jpg */; };
		E415D4821637D32000975352 /* Wuhan.jpg in Resources */ = {isa = PBXBuildFile; fileRef = E415D4311637D32000975352 /* Wuhan.jpg */; };
		E415D4831637D32000975352 /* Yokohama.jpg in Resources */ = {isa = PBXBuildFile; fileRef = E415D4321637D32000975352 /* Yokohama.jpg */; };
		E415D4861637D37600975352 /* CLDataSource.m in Sources */ = {isa = PBXBuildFile; fileRef = E415D4851637D37600975352 /* CLDataSource.m */; };
		E415D48A1637D5E300975352 /* CLContinentListViewController.m in Sources */ = {isa = PBXBuildFile; fileRef = E415D4891637D5E300975352 /* CLContinentListViewController.m */; };
		E415D48D1637D6E200975352 /* CLContinentCell.m in Sources */ = {isa = PBXBuildFile; fileRef = E415D48C1637D6E200975352 /* CLContinentCell.m */; };
		E415D4911637EBCA00975352 /* CLCityListViewController.m in Sources */ = {isa = PBXBuildFile; fileRef = E415D4901637EBCA00975352 /* CLCityListViewController.m */; };
		E415D4941637EBEE00975352 /* CLCityCell.m in Sources */ = {isa = PBXBuildFile; fileRef = E415D4931637EBEE00975352 /* CLCityCell.m */; };
		E415D4A41638963F00975352 /* CLDetailViewController.m in Sources */ = {isa = PBXBuildFile; fileRef = E415D4A31638963F00975352 /* CLDetailViewController.m */; };
/* End PBXBuildFile section */

/* Begin PBXFileReference section */
		E415D3B71637D2EB00975352 /* City List.app */ = {isa = PBXFileReference; explicitFileType = wrapper.application; includeInIndex = 0; path = "City List.app"; sourceTree = BUILT_PRODUCTS_DIR; };
		E415D3BB1637D2EB00975352 /* UIKit.framework */ = {isa = PBXFileReference; lastKnownFileType = wrapper.framework; name = UIKit.framework; path = System/Library/Frameworks/UIKit.framework; sourceTree = SDKROOT; };
		E415D3BD1637D2EB00975352 /* Foundation.framework */ = {isa = PBXFileReference; lastKnownFileType = wrapper.framework; name = Foundation.framework; path = System/Library/Frameworks/Foundation.framework; sourceTree = SDKROOT; };
		E415D3BF1637D2EB00975352 /* CoreGraphics.framework */ = {isa = PBXFileReference; lastKnownFileType = wrapper.framework; name = CoreGraphics.framework; path = System/Library/Frameworks/CoreGraphics.framework; sourceTree = SDKROOT; };
		E415D3C31637D2EB00975352 /* City List-Info.plist */ = {isa = PBXFileReference; lastKnownFileType = text.plist.xml; path = "City List-Info.plist"; sourceTree = "<group>"; };
		E415D3C51637D2EB00975352 /* en */ = {isa = PBXFileReference; lastKnownFileType = text.plist.strings; name = en; path = en.lproj/InfoPlist.strings; sourceTree = "<group>"; };
		E415D3C71637D2EB00975352 /* main.m */ = {isa = PBXFileReference; lastKnownFileType = sourcecode.c.objc; path = main.m; sourceTree = "<group>"; };
		E415D3C91637D2EB00975352 /* City List-Prefix.pch */ = {isa = PBXFileReference; lastKnownFileType = sourcecode.c.h; path = "City List-Prefix.pch"; sourceTree = "<group>"; };
		E415D3CA1637D2EB00975352 /* CLAppDelegate.h */ = {isa = PBXFileReference; lastKnownFileType = sourcecode.c.h; path = CLAppDelegate.h; sourceTree = "<group>"; };
		E415D3CB1637D2EB00975352 /* CLAppDelegate.m */ = {isa = PBXFileReference; lastKnownFileType = sourcecode.c.objc; path = CLAppDelegate.m; sourceTree = "<group>"; };
		E415D3CD1637D2EB00975352 /* Default.png */ = {isa = PBXFileReference; lastKnownFileType = image.png; path = Default.png; sourceTree = "<group>"; };
		E415D3CF1637D2EB00975352 /* Default@2x.png */ = {isa = PBXFileReference; lastKnownFileType = image.png; path = "Default@2x.png"; sourceTree = "<group>"; };
		E415D3D11637D2EB00975352 /* Default-568h@2x.png */ = {isa = PBXFileReference; lastKnownFileType = image.png; path = "Default-568h@2x.png"; sourceTree = "<group>"; };
		E415D3D41637D2EB00975352 /* en */ = {isa = PBXFileReference; lastKnownFileType = file.storyboard; name = en; path = en.lproj/MainStoryboard.storyboard; sourceTree = "<group>"; };
		E415D3DF1637D31300975352 /* citylist.plist */ = {isa = PBXFileReference; fileEncoding = 4; lastKnownFileType = text.plist.xml; path = citylist.plist; sourceTree = "<group>"; };
		E415D3E21637D32000975352 /* Akihabara.jpg */ = {isa = PBXFileReference; lastKnownFileType = image.jpeg; path = Akihabara.jpg; sourceTree = "<group>"; };
		E415D3E31637D32000975352 /* Auckland.jpg */ = {isa = PBXFileReference; lastKnownFileType = image.jpeg; path = Auckland.jpg; sourceTree = "<group>"; };
		E415D3E41637D32000975352 /* Barcelona.jpg */ = {isa = PBXFileReference; lastKnownFileType = image.jpeg; path = Barcelona.jpg; sourceTree = "<group>"; };
		E415D3E51637D32000975352 /* Beijing.jpg */ = {isa = PBXFileReference; lastKnownFileType = image.jpeg; path = Beijing.jpg; sourceTree = "<group>"; };
		E415D3E61637D32000975352 /* Berlin.jpg */ = {isa = PBXFileReference; lastKnownFileType = image.jpeg; path = Berlin.jpg; sourceTree = "<group>"; };
		E415D3E71637D32000975352 /* Birmingham.jpg */ = {isa = PBXFileReference; lastKnownFileType = image.jpeg; path = Birmingham.jpg; sourceTree = "<group>"; };
		E415D3E81637D32000975352 /* Boston.jpg */ = {isa = PBXFileReference; lastKnownFileType = image.jpeg; path = Boston.jpg; sourceTree = "<group>"; };
		E415D3E91637D32000975352 /* BuenosAires.jpg */ = {isa = PBXFileReference; lastKnownFileType = image.jpeg; path = BuenosAires.jpg; sourceTree = "<group>"; };
		E415D3EA1637D32000975352 /* Canberra.jpg */ = {isa = PBXFileReference; lastKnownFileType = image.jpeg; path = Canberra.jpg; sourceTree = "<group>"; };
		E415D3EB1637D32000975352 /* Chiba.jpg */ = {isa = PBXFileReference; lastKnownFileType = image.jpeg; path = Chiba.jpg; sourceTree = "<group>"; };
		E415D3EC1637D32000975352 /* Chicago.jpg */ = {isa = PBXFileReference; lastKnownFileType = image.jpeg; path = Chicago.jpg; sourceTree = "<group>"; };
		E415D3ED1637D32000975352 /* Chongqing.jpg */ = {isa = PBXFileReference; lastKnownFileType = image.jpeg; path = Chongqing.jpg; sourceTree = "<group>"; };
		E415D3EE1637D32000975352 /* Cologne.jpg */ = {isa = PBXFileReference; lastKnownFileType = image.jpeg; path = Cologne.jpg; sourceTree = "<group>"; };
		E415D3EF1637D32000975352 /* Cupertino.jpg */ = {isa = PBXFileReference; lastKnownFileType = image.jpeg; path = Cupertino.jpg; sourceTree = "<group>"; };
		E415D3F01637D32000975352 /* Edinburgh.jpg */ = {isa = PBXFileReference; lastKnownFileType = image.jpeg; path = Edinburgh.jpg; sourceTree = "<group>"; };
		E415D3F11637D32000975352 /* Florence.jpg */ = {isa = PBXFileReference; lastKnownFileType = image.jpeg; path = Florence.jpg; sourceTree = "<group>"; };
		E415D3F21637D32000975352 /* Frankfurt.jpg */ = {isa = PBXFileReference; lastKnownFileType = image.jpeg; path = Frankfurt.jpg; sourceTree = "<group>"; };
		E415D3F31637D32000975352 /* Ginza.jpg */ = {isa = PBXFileReference; lastKnownFileType = image.jpeg; path = Ginza.jpg; sourceTree = "<group>"; };
		E415D3F41637D32000975352 /* Guangzhou.jpg */ = {isa = PBXFileReference; lastKnownFileType = image.jpeg; path = Guangzhou.jpg; sourceTree = "<group>"; };
		E415D3F51637D32000975352 /* Hamburg.jpg */ = {isa = PBXFileReference; lastKnownFileType = image.jpeg; path = Hamburg.jpg; sourceTree = "<group>"; };
		E415D3F61637D32000975352 /* HongKong.jpg */ = {isa = PBXFileReference; lastKnownFileType = image.jpeg; path = HongKong.jpg; sourceTree = "<group>"; };
		E415D3F71637D32000975352 /* Houston.jpg */ = {isa = PBXFileReference; lastKnownFileType = image.jpeg; path = Houston.jpg; sourceTree = "<group>"; };
		E415D3F81637D32000975352 /* Hualien.jpg */ = {isa = PBXFileReference; lastKnownFileType = image.jpeg; path = Hualien.jpg; sourceTree = "<group>"; };
		E415D3F91637D32000975352 /* Ikebukuro.jpg */ = {isa = PBXFileReference; lastKnownFileType = image.jpeg; path = Ikebukuro.jpg; sourceTree = "<group>"; };
		E415D3FA1637D32000975352 /* Kaohsiung.jpg */ = {isa = PBXFileReference; lastKnownFileType = image.jpeg; path = Kaohsiung.jpg; sourceTree = "<group>"; };
		E415D3FB1637D32000975352 /* Kobe.jpg */ = {isa = PBXFileReference; lastKnownFileType = image.jpeg; path = Kobe.jpg; sourceTree = "<group>"; };
		E415D3FC1637D32000975352 /* KualaLumpur.jpg */ = {isa = PBXFileReference; lastKnownFileType = image.jpeg; path = KualaLumpur.jpg; sourceTree = "<group>"; };
		E415D3FD1637D32000975352 /* Kyoto.jpg */ = {isa = PBXFileReference; lastKnownFileType = image.jpeg; path = Kyoto.jpg; sourceTree = "<group>"; };
		E415D3FE1637D32000975352 /* Leeds.jpg */ = {isa = PBXFileReference; lastKnownFileType = image.jpeg; path = Leeds.jpg; sourceTree = "<group>"; };
		E415D3FF1637D32000975352 /* Liverpool.jpg */ = {isa = PBXFileReference; lastKnownFileType = image.jpeg; path = Liverpool.jpg; sourceTree = "<group>"; };
		E415D4001637D32000975352 /* London.jpg */ = {isa = PBXFileReference; lastKnownFileType = image.jpeg; path = London.jpg; sourceTree = "<group>"; };
		E415D4011637D32000975352 /* LosAngeles.jpg */ = {isa = PBXFileReference; lastKnownFileType = image.jpeg; path = LosAngeles.jpg; sourceTree = "<group>"; };
		E415D4021637D32000975352 /* Lyon.jpg */ = {isa = PBXFileReference; lastKnownFileType = image.jpeg; path = Lyon.jpg; sourceTree = "<group>"; };
		E415D4031637D32000975352 /* Madrid.jpg */ = {isa = PBXFileReference; lastKnownFileType = image.jpeg; path = Madrid.jpg; sourceTree = "<group>"; };
		E415D4041637D32000975352 /* Manchester.jpg */ = {isa = PBXFileReference; lastKnownFileType = image.jpeg; path = Manchester.jpg; sourceTree = "<group>"; };
		E415D4051637D32000975352 /* Marseille.jpg */ = {isa = PBXFileReference; lastKnownFileType = image.jpeg; path = Marseille.jpg; sourceTree = "<group>"; };
		E415D4061637D32000975352 /* Meguro.jpg */ = {isa = PBXFileReference; lastKnownFileType = image.jpeg; path = Meguro.jpg; sourceTree = "<group>"; };
		E415D4071637D32000975352 /* Miami.jpg */ = {isa = PBXFileReference; lastKnownFileType = image.jpeg; path = Miami.jpg; sourceTree = "<group>"; };
		E415D4081637D32000975352 /* Milan.jpg */ = {isa = PBXFileReference; lastKnownFileType = image.jpeg; path = Milan.jpg; sourceTree = "<group>"; };
		E415D4091637D32000975352 /* Montreal.jpg */ = {isa = PBXFileReference; lastKnownFileType = image.jpeg; path = Montreal.jpg; sourceTree = "<group>"; };
		E415D40A1637D32000975352 /* MountainView.jpg */ = {isa = PBXFileReference; lastKnownFileType = image.jpeg; path = MountainView.jpg; sourceTree = "<group>"; };
		E415D40B1637D32000975352 /* Munich.jpg */ = {isa = PBXFileReference; lastKnownFileType = image.jpeg; path = Munich.jpg; sourceTree = "<group>"; };
		E415D40C1637D32000975352 /* Nagoya.jpg */ = {isa = PBXFileReference; lastKnownFileType = image.jpeg; path = Nagoya.jpg; sourceTree = "<group>"; };
		E415D40D1637D32000975352 /* Nanjing.jpg */ = {isa = PBXFileReference; lastKnownFileType = image.jpeg; path = Nanjing.jpg; sourceTree = "<group>"; };
		E415D40E1637D32000975352 /* Narita.jpg */ = {isa = PBXFileReference; lastKnownFileType = image.jpeg; path = Narita.jpg; sourceTree = "<group>"; };
		E415D40F1637D32000975352 /* NewYork.jpg */ = {isa = PBXFileReference; lastKnownFileType = image.jpeg; path = NewYork.jpg; sourceTree = "<group>"; };
		E415D4101637D32000975352 /* Osaka.jpg */ = {isa = PBXFileReference; lastKnownFileType = image.jpeg; path = Osaka.jpg; sourceTree = "<group>"; };
		E415D4111637D32000975352 /* Oxford.jpg */ = {isa = PBXFileReference; lastKnownFileType = image.jpeg; path = Oxford.jpg; sourceTree = "<group>"; };
		E415D4121637D32000975352 /* PaloAlto.jpg */ = {isa = PBXFileReference; lastKnownFileType = image.jpeg; path = PaloAlto.jpg; sourceTree = "<group>"; };
		E415D4131637D32000975352 /* Paris.jpg */ = {isa = PBXFileReference; lastKnownFileType = image.jpeg; path = Paris.jpg; sourceTree = "<group>"; };
		E415D4141637D32000975352 /* Philadelphia.jpg */ = {isa = PBXFileReference; lastKnownFileType = image.jpeg; path = Philadelphia.jpg; sourceTree = "<group>"; };
		E415D4151637D32000975352 /* RioDeJaneiro.jpg */ = {isa = PBXFileReference; lastKnownFileType = image.jpeg; path = RioDeJaneiro.jpg; sourceTree = "<group>"; };
		E415D4161637D32000975352 /* Rome.jpg */ = {isa = PBXFileReference; lastKnownFileType = image.jpeg; path = Rome.jpg; sourceTree = "<group>"; };
		E415D4171637D32000975352 /* Salvador.jpg */ = {isa = PBXFileReference; lastKnownFileType = image.jpeg; path = Salvador.jpg; sourceTree = "<group>"; };
		E415D4181637D32000975352 /* SanFrancisco.jpg */ = {isa = PBXFileReference; lastKnownFileType = image.jpeg; path = SanFrancisco.jpg; sourceTree = "<group>"; };
		E415D4191637D32000975352 /* SaoPaulo.jpg */ = {isa = PBXFileReference; lastKnownFileType = image.jpeg; path = SaoPaulo.jpg; sourceTree = "<group>"; };
		E415D41A1637D32000975352 /* Sapporo.jpg */ = {isa = PBXFileReference; lastKnownFileType = image.jpeg; path = Sapporo.jpg; sourceTree = "<group>"; };
		E415D41B1637D32000975352 /* Seattle.jpg */ = {isa = PBXFileReference; lastKnownFileType = image.jpeg; path = Seattle.jpg; sourceTree = "<group>"; };
		E415D41C1637D32000975352 /* Shanghai.jpg */ = {isa = PBXFileReference; lastKnownFileType = image.jpeg; path = Shanghai.jpg; sourceTree = "<group>"; };
		E415D41D1637D32000975352 /* Shenyang.jpg */ = {isa = PBXFileReference; lastKnownFileType = image.jpeg; path = Shenyang.jpg; sourceTree = "<group>"; };
		E415D41E1637D32000975352 /* Shibuya.jpg */ = {isa = PBXFileReference; lastKnownFileType = image.jpeg; path = Shibuya.jpg; sourceTree = "<group>"; };
		E415D41F1637D32000975352 /* Shinagawa.jpg */ = {isa = PBXFileReference; lastKnownFileType = image.jpeg; path = Shinagawa.jpg; sourceTree = "<group>"; };
		E415D4201637D32000975352 /* Shinjuku.jpg */ = {isa = PBXFileReference; lastKnownFileType = image.jpeg; path = Shinjuku.jpg; sourceTree = "<group>"; };
		E415D4211637D32000975352 /* Singapore.jpg */ = {isa = PBXFileReference; lastKnownFileType = image.jpeg; path = Singapore.jpg; sourceTree = "<group>"; };
		E415D4221637D32000975352 /* Sumida.jpg */ = {isa = PBXFileReference; lastKnownFileType = image.jpeg; path = Sumida.jpg; sourceTree = "<group>"; };
		E415D4231637D32000975352 /* Sydney.jpg */ = {isa = PBXFileReference; lastKnownFileType = image.jpeg; path = Sydney.jpg; sourceTree = "<group>"; };
		E415D4241637D32000975352 /* Taichung.jpg */ = {isa = PBXFileReference; lastKnownFileType = image.jpeg; path = Taichung.jpg; sourceTree = "<group>"; };
		E415D4251637D32000975352 /* Tainan.jpg */ = {isa = PBXFileReference; lastKnownFileType = image.jpeg; path = Tainan.jpg; sourceTree = "<group>"; };
		E415D4261637D32000975352 /* Taipei.jpg */ = {isa = PBXFileReference; lastKnownFileType = image.jpeg; path = Taipei.jpg; sourceTree = "<group>"; };
		E415D4271637D32000975352 /* Tianjin.jpg */ = {isa = PBXFileReference; lastKnownFileType = image.jpeg; path = Tianjin.jpg; sourceTree = "<group>"; };
		E415D4281637D32000975352 /* Tokyo.jpg */ = {isa = PBXFileReference; lastKnownFileType = image.jpeg; path = Tokyo.jpg; sourceTree = "<group>"; };
		E415D4291637D32000975352 /* Toronto.jpg */ = {isa = PBXFileReference; lastKnownFileType = image.jpeg; path = Toronto.jpg; sourceTree = "<group>"; };
		E415D42A1637D32000975352 /* Ueno.jpg */ = {isa = PBXFileReference; lastKnownFileType = image.jpeg; path = Ueno.jpg; sourceTree = "<group>"; };
		E415D42B1637D32000975352 /* Vancouver.jpg */ = {isa = PBXFileReference; lastKnownFileType = image.jpeg; path = Vancouver.jpg; sourceTree = "<group>"; };
		E415D42C1637D32000975352 /* Victoria.jpg */ = {isa = PBXFileReference; lastKnownFileType = image.jpeg; path = Victoria.jpg; sourceTree = "<group>"; };
		E415D42D1637D32000975352 /* Washington.jpg */ = {isa = PBXFileReference; lastKnownFileType = image.jpeg; path = Washington.jpg; sourceTree = "<group>"; };
		E415D42E1637D32000975352 /* Wellington.jpg */ = {isa = PBXFileReference; lastKnownFileType = image.jpeg; path = Wellington.jpg; sourceTree = "<group>"; };
		E415D42F1637D32000975352 /* Wells.jpg */ = {isa = PBXFileReference; lastKnownFileType = image.jpeg; path = Wells.jpg; sourceTree = "<group>"; };
		E415D4301637D32000975352 /* Westminster.jpg */ = {isa = PBXFileReference; lastKnownFileType = image.jpeg; path = Westminster.jpg; sourceTree = "<group>"; };
		E415D4311637D32000975352 /* Wuhan.jpg */ = {isa = PBXFileReference; lastKnownFileType = image.jpeg; path = Wuhan.jpg; sourceTree = "<group>"; };
		E415D4321637D32000975352 /* Yokohama.jpg */ = {isa = PBXFileReference; lastKnownFileType = image.jpeg; path = Yokohama.jpg; sourceTree = "<group>"; };
		E415D4841637D37600975352 /* CLDataSource.h */ = {isa = PBXFileReference; fileEncoding = 4; lastKnownFileType = sourcecode.c.h; path = CLDataSource.h; sourceTree = "<group>"; };
		E415D4851637D37600975352 /* CLDataSource.m */ = {isa = PBXFileReference; fileEncoding = 4; lastKnownFileType = sourcecode.c.objc; path = CLDataSource.m; sourceTree = "<group>"; };
		E415D4881637D5E300975352 /* CLContinentListViewController.h */ = {isa = PBXFileReference; fileEncoding = 4; lastKnownFileType = sourcecode.c.h; path = CLContinentListViewController.h; sourceTree = "<group>"; };
		E415D4891637D5E300975352 /* CLContinentListViewController.m */ = {isa = PBXFileReference; fileEncoding = 4; lastKnownFileType = sourcecode.c.objc; path = CLContinentListViewController.m; sourceTree = "<group>"; };
		E415D48B1637D6E200975352 /* CLContinentCell.h */ = {isa = PBXFileReference; fileEncoding = 4; lastKnownFileType = sourcecode.c.h; path = CLContinentCell.h; sourceTree = "<group>"; };
		E415D48C1637D6E200975352 /* CLContinentCell.m */ = {isa = PBXFileReference; fileEncoding = 4; lastKnownFileType = sourcecode.c.objc; path = CLContinentCell.m; sourceTree = "<group>"; };
		E415D48F1637EBCA00975352 /* CLCityListViewController.h */ = {isa = PBXFileReference; fileEncoding = 4; lastKnownFileType = sourcecode.c.h; path = CLCityListViewController.h; sourceTree = "<group>"; };
		E415D4901637EBCA00975352 /* CLCityListViewController.m */ = {isa = PBXFileReference; fileEncoding = 4; lastKnownFileType = sourcecode.c.objc; path = CLCityListViewController.m; sourceTree = "<group>"; };
		E415D4921637EBEE00975352 /* CLCityCell.h */ = {isa = PBXFileReference; fileEncoding = 4; lastKnownFileType = sourcecode.c.h; path = CLCityCell.h; sourceTree = "<group>"; };
		E415D4931637EBEE00975352 /* CLCityCell.m */ = {isa = PBXFileReference; fileEncoding = 4; lastKnownFileType = sourcecode.c.objc; path = CLCityCell.m; sourceTree = "<group>"; };
		E415D4A21638963F00975352 /* CLDetailViewController.h */ = {isa = PBXFileReference; fileEncoding = 4; lastKnownFileType = sourcecode.c.h; path = CLDetailViewController.h; sourceTree = "<group>"; };
		E415D4A31638963F00975352 /* CLDetailViewController.m */ = {isa = PBXFileReference; fileEncoding = 4; lastKnownFileType = sourcecode.c.objc; path = CLDetailViewController.m; sourceTree = "<group>"; };
/* End PBXFileReference section */

/* Begin PBXFrameworksBuildPhase section */
		E415D3B41637D2EB00975352 /* Frameworks */ = {
			isa = PBXFrameworksBuildPhase;
			buildActionMask = 2147483647;
			files = (
				E415D3BC1637D2EB00975352 /* UIKit.framework in Frameworks */,
				E415D3BE1637D2EB00975352 /* Foundation.framework in Frameworks */,
				E415D3C01637D2EB00975352 /* CoreGraphics.framework in Frameworks */,
			);
			runOnlyForDeploymentPostprocessing = 0;
		};
/* End PBXFrameworksBuildPhase section */

/* Begin PBXGroup section */
		E415D3AC1637D2EB00975352 = {
			isa = PBXGroup;
			children = (
				E415D3C11637D2EB00975352 /* City List */,
				E415D3BA1637D2EB00975352 /* Frameworks */,
				E415D3B81637D2EB00975352 /* Products */,
			);
			sourceTree = "<group>";
		};
		E415D3B81637D2EB00975352 /* Products */ = {
			isa = PBXGroup;
			children = (
				E415D3B71637D2EB00975352 /* City List.app */,
			);
			name = Products;
			sourceTree = "<group>";
		};
		E415D3BA1637D2EB00975352 /* Frameworks */ = {
			isa = PBXGroup;
			children = (
				E415D3BB1637D2EB00975352 /* UIKit.framework */,
				E415D3BD1637D2EB00975352 /* Foundation.framework */,
				E415D3BF1637D2EB00975352 /* CoreGraphics.framework */,
			);
			name = Frameworks;
			sourceTree = "<group>";
		};
		E415D3C11637D2EB00975352 /* City List */ = {
			isa = PBXGroup;
			children = (
				E415D4A11638961E00975352 /* Detail View */,
				E415D48E1637EBAD00975352 /* City List */,
				E415D4871637D5B000975352 /* Continent List */,
				E415D3E11637D32000975352 /* images */,
				E415D3DE1637D31300975352 /* Data source */,
				E415D3CA1637D2EB00975352 /* CLAppDelegate.h */,
				E415D3CB1637D2EB00975352 /* CLAppDelegate.m */,
				E415D3D31637D2EB00975352 /* MainStoryboard.storyboard */,
				E415D3C21637D2EB00975352 /* Supporting Files */,
			);
			path = "City List";
			sourceTree = "<group>";
		};
		E415D3C21637D2EB00975352 /* Supporting Files */ = {
			isa = PBXGroup;
			children = (
				E415D3C31637D2EB00975352 /* City List-Info.plist */,
				E415D3C41637D2EB00975352 /* InfoPlist.strings */,
				E415D3C71637D2EB00975352 /* main.m */,
				E415D3C91637D2EB00975352 /* City List-Prefix.pch */,
				E415D3CD1637D2EB00975352 /* Default.png */,
				E415D3CF1637D2EB00975352 /* Default@2x.png */,
				E415D3D11637D2EB00975352 /* Default-568h@2x.png */,
			);
			name = "Supporting Files";
			sourceTree = "<group>";
		};
		E415D3DE1637D31300975352 /* Data source */ = {
			isa = PBXGroup;
			children = (
				E415D3DF1637D31300975352 /* citylist.plist */,
				E415D4841637D37600975352 /* CLDataSource.h */,
				E415D4851637D37600975352 /* CLDataSource.m */,
			);
			path = "Data source";
			sourceTree = "<group>";
		};
		E415D3E11637D32000975352 /* images */ = {
			isa = PBXGroup;
			children = (
				E415D3E21637D32000975352 /* Akihabara.jpg */,
				E415D3E31637D32000975352 /* Auckland.jpg */,
				E415D3E41637D32000975352 /* Barcelona.jpg */,
				E415D3E51637D32000975352 /* Beijing.jpg */,
				E415D3E61637D32000975352 /* Berlin.jpg */,
				E415D3E71637D32000975352 /* Birmingham.jpg */,
				E415D3E81637D32000975352 /* Boston.jpg */,
				E415D3E91637D32000975352 /* BuenosAires.jpg */,
				E415D3EA1637D32000975352 /* Canberra.jpg */,
				E415D3EB1637D32000975352 /* Chiba.jpg */,
				E415D3EC1637D32000975352 /* Chicago.jpg */,
				E415D3ED1637D32000975352 /* Chongqing.jpg */,
				E415D3EE1637D32000975352 /* Cologne.jpg */,
				E415D3EF1637D32000975352 /* Cupertino.jpg */,
				E415D3F01637D32000975352 /* Edinburgh.jpg */,
				E415D3F11637D32000975352 /* Florence.jpg */,
				E415D3F21637D32000975352 /* Frankfurt.jpg */,
				E415D3F31637D32000975352 /* Ginza.jpg */,
				E415D3F41637D32000975352 /* Guangzhou.jpg */,
				E415D3F51637D32000975352 /* Hamburg.jpg */,
				E415D3F61637D32000975352 /* HongKong.jpg */,
				E415D3F71637D32000975352 /* Houston.jpg */,
				E415D3F81637D32000975352 /* Hualien.jpg */,
				E415D3F91637D32000975352 /* Ikebukuro.jpg */,
				E415D3FA1637D32000975352 /* Kaohsiung.jpg */,
				E415D3FB1637D32000975352 /* Kobe.jpg */,
				E415D3FC1637D32000975352 /* KualaLumpur.jpg */,
				E415D3FD1637D32000975352 /* Kyoto.jpg */,
				E415D3FE1637D32000975352 /* Leeds.jpg */,
				E415D3FF1637D32000975352 /* Liverpool.jpg */,
				E415D4001637D32000975352 /* London.jpg */,
				E415D4011637D32000975352 /* LosAngeles.jpg */,
				E415D4021637D32000975352 /* Lyon.jpg */,
				E415D4031637D32000975352 /* Madrid.jpg */,
				E415D4041637D32000975352 /* Manchester.jpg */,
				E415D4051637D32000975352 /* Marseille.jpg */,
				E415D4061637D32000975352 /* Meguro.jpg */,
				E415D4071637D32000975352 /* Miami.jpg */,
				E415D4081637D32000975352 /* Milan.jpg */,
				E415D4091637D32000975352 /* Montreal.jpg */,
				E415D40A1637D32000975352 /* MountainView.jpg */,
				E415D40B1637D32000975352 /* Munich.jpg */,
				E415D40C1637D32000975352 /* Nagoya.jpg */,
				E415D40D1637D32000975352 /* Nanjing.jpg */,
				E415D40E1637D32000975352 /* Narita.jpg */,
				E415D40F1637D32000975352 /* NewYork.jpg */,
				E415D4101637D32000975352 /* Osaka.jpg */,
				E415D4111637D32000975352 /* Oxford.jpg */,
				E415D4121637D32000975352 /* PaloAlto.jpg */,
				E415D4131637D32000975352 /* Paris.jpg */,
				E415D4141637D32000975352 /* Philadelphia.jpg */,
				E415D4151637D32000975352 /* RioDeJaneiro.jpg */,
				E415D4161637D32000975352 /* Rome.jpg */,
				E415D4171637D32000975352 /* Salvador.jpg */,
				E415D4181637D32000975352 /* SanFrancisco.jpg */,
				E415D4191637D32000975352 /* SaoPaulo.jpg */,
				E415D41A1637D32000975352 /* Sapporo.jpg */,
				E415D41B1637D32000975352 /* Seattle.jpg */,
				E415D41C1637D32000975352 /* Shanghai.jpg */,
				E415D41D1637D32000975352 /* Shenyang.jpg */,
				E415D41E1637D32000975352 /* Shibuya.jpg */,
				E415D41F1637D32000975352 /* Shinagawa.jpg */,
				E415D4201637D32000975352 /* Shinjuku.jpg */,
				E415D4211637D32000975352 /* Singapore.jpg */,
				E415D4221637D32000975352 /* Sumida.jpg */,
				E415D4231637D32000975352 /* Sydney.jpg */,
				E415D4241637D32000975352 /* Taichung.jpg */,
				E415D4251637D32000975352 /* Tainan.jpg */,
				E415D4261637D32000975352 /* Taipei.jpg */,
				E415D4271637D32000975352 /* Tianjin.jpg */,
				E415D4281637D32000975352 /* Tokyo.jpg */,
				E415D4291637D32000975352 /* Toronto.jpg */,
				E415D42A1637D32000975352 /* Ueno.jpg */,
				E415D42B1637D32000975352 /* Vancouver.jpg */,
				E415D42C1637D32000975352 /* Victoria.jpg */,
				E415D42D1637D32000975352 /* Washington.jpg */,
				E415D42E1637D32000975352 /* Wellington.jpg */,
				E415D42F1637D32000975352 /* Wells.jpg */,
				E415D4301637D32000975352 /* Westminster.jpg */,
				E415D4311637D32000975352 /* Wuhan.jpg */,
				E415D4321637D32000975352 /* Yokohama.jpg */,
			);
			path = images;
			sourceTree = "<group>";
		};
		E415D4871637D5B000975352 /* Continent List */ = {
			isa = PBXGroup;
			children = (
				E415D4881637D5E300975352 /* CLContinentListViewController.h */,
				E415D4891637D5E300975352 /* CLContinentListViewController.m */,
				E415D48B1637D6E200975352 /* CLContinentCell.h */,
				E415D48C1637D6E200975352 /* CLContinentCell.m */,
			);
			name = "Continent List";
			sourceTree = "<group>";
		};
		E415D48E1637EBAD00975352 /* City List */ = {
			isa = PBXGroup;
			children = (
				E415D48F1637EBCA00975352 /* CLCityListViewController.h */,
				E415D4901637EBCA00975352 /* CLCityListViewController.m */,
				E415D4921637EBEE00975352 /* CLCityCell.h */,
				E415D4931637EBEE00975352 /* CLCityCell.m */,
			);
			name = "City List";
			sourceTree = "<group>";
		};
		E415D4A11638961E00975352 /* Detail View */ = {
			isa = PBXGroup;
			children = (
				E415D4A21638963F00975352 /* CLDetailViewController.h */,
				E415D4A31638963F00975352 /* CLDetailViewController.m */,
			);
			name = "Detail View";
			sourceTree = "<group>";
		};
/* End PBXGroup section */

/* Begin PBXNativeTarget section */
		E415D3B61637D2EB00975352 /* City List */ = {
			isa = PBXNativeTarget;
			buildConfigurationList = E415D3DB1637D2EB00975352 /* Build configuration list for PBXNativeTarget "City List" */;
			buildPhases = (
				E415D3B31637D2EB00975352 /* Sources */,
				E415D3B41637D2EB00975352 /* Frameworks */,
				E415D3B51637D2EB00975352 /* Resources */,
			);
			buildRules = (
			);
			dependencies = (
			);
			name = "City List";
			productName = "City List";
			productReference = E415D3B71637D2EB00975352 /* City List.app */;
			productType = "com.apple.product-type.application";
		};
/* End PBXNativeTarget section */

/* Begin PBXProject section */
		E415D3AE1637D2EB00975352 /* Project object */ = {
			isa = PBXProject;
			attributes = {
				CLASSPREFIX = CL;
				LastUpgradeCheck = 0450;
				ORGANIZATIONNAME = MichaelHsu;
			};
			buildConfigurationList = E415D3B11637D2EB00975352 /* Build configuration list for PBXProject "City List" */;
			compatibilityVersion = "Xcode 3.2";
			developmentRegion = English;
			hasScannedForEncodings = 0;
			knownRegions = (
				en,
			);
			mainGroup = E415D3AC1637D2EB00975352;
			productRefGroup = E415D3B81637D2EB00975352 /* Products */;
			projectDirPath = "";
			projectRoot = "";
			targets = (
				E415D3B61637D2EB00975352 /* City List */,
			);
		};
/* End PBXProject section */

/* Begin PBXResourcesBuildPhase section */
		E415D3B51637D2EB00975352 /* Resources */ = {
			isa = PBXResourcesBuildPhase;
			buildActionMask = 2147483647;
			files = (
				E415D3C61637D2EB00975352 /* InfoPlist.strings in Resources */,
				E415D3CE1637D2EB00975352 /* Default.png in Resources */,
				E415D3D01637D2EB00975352 /* Default@2x.png in Resources */,
				E415D3D21637D2EB00975352 /* Default-568h@2x.png in Resources */,
				E415D3D51637D2EB00975352 /* MainStoryboard.storyboard in Resources */,
				E415D3E01637D31300975352 /* citylist.plist in Resources */,
				E415D4331637D32000975352 /* Akihabara.jpg in Resources */,
				E415D4341637D32000975352 /* Auckland.jpg in Resources */,
				E415D4351637D32000975352 /* Barcelona.jpg in Resources */,
				E415D4361637D32000975352 /* Beijing.jpg in Resources */,
				E415D4371637D32000975352 /* Berlin.jpg in Resources */,
				E415D4381637D32000975352 /* Birmingham.jpg in Resources */,
				E415D4391637D32000975352 /* Boston.jpg in Resources */,
				E415D43A1637D32000975352 /* BuenosAires.jpg in Resources */,
				E415D43B1637D32000975352 /* Canberra.jpg in Resources */,
				E415D43C1637D32000975352 /* Chiba.jpg in Resources */,
				E415D43D1637D32000975352 /* Chicago.jpg in Resources */,
				E415D43E1637D32000975352 /* Chongqing.jpg in Resources */,
				E415D43F1637D32000975352 /* Cologne.jpg in Resources */,
				E415D4401637D32000975352 /* Cupertino.jpg in Resources */,
				E415D4411637D32000975352 /* Edinburgh.jpg in Resources */,
				E415D4421637D32000975352 /* Florence.jpg in Resources */,
				E415D4431637D32000975352 /* Frankfurt.jpg in Resources */,
				E415D4441637D32000975352 /* Ginza.jpg in Resources */,
				E415D4451637D32000975352 /* Guangzhou.jpg in Resources */,
				E415D4461637D32000975352 /* Hamburg.jpg in Resources */,
				E415D4471637D32000975352 /* HongKong.jpg in Resources */,
				E415D4481637D32000975352 /* Houston.jpg in Resources */,
				E415D4491637D32000975352 /* Hualien.jpg in Resources */,
				E415D44A1637D32000975352 /* Ikebukuro.jpg in Resources */,
				E415D44B1637D32000975352 /* Kaohsiung.jpg in Resources */,
				E415D44C1637D32000975352 /* Kobe.jpg in Resources */,
				E415D44D1637D32000975352 /* KualaLumpur.jpg in Resources */,
				E415D44E1637D32000975352 /* Kyoto.jpg in Resources */,
				E415D44F1637D32000975352 /* Leeds.jpg in Resources */,
				E415D4501637D32000975352 /* Liverpool.jpg in Resources */,
				E415D4511637D32000975352 /* London.jpg in Resources */,
				E415D4521637D32000975352 /* LosAngeles.jpg in Resources */,
				E415D4531637D32000975352 /* Lyon.jpg in Resources */,
				E415D4541637D32000975352 /* Madrid.jpg in Resources */,
				E415D4551637D32000975352 /* Manchester.jpg in Resources */,
				E415D4561637D32000975352 /* Marseille.jpg in Resources */,
				E415D4571637D32000975352 /* Meguro.jpg in Resources */,
				E415D4581637D32000975352 /* Miami.jpg in Resources */,
				E415D4591637D32000975352 /* Milan.jpg in Resources */,
				E415D45A1637D32000975352 /* Montreal.jpg in Resources */,
				E415D45B1637D32000975352 /* MountainView.jpg in Resources */,
				E415D45C1637D32000975352 /* Munich.jpg in Resources */,
				E415D45D1637D32000975352 /* Nagoya.jpg in Resources */,
				E415D45E1637D32000975352 /* Nanjing.jpg in Resources */,
				E415D45F1637D32000975352 /* Narita.jpg in Resources */,
				E415D4601637D32000975352 /* NewYork.jpg in Resources */,
				E415D4611637D32000975352 /* Osaka.jpg in Resources */,
				E415D4621637D32000975352 /* Oxford.jpg in Resources */,
				E415D4631637D32000975352 /* PaloAlto.jpg in Resources */,
				E415D4641637D32000975352 /* Paris.jpg in Resources */,
				E415D4651637D32000975352 /* Philadelphia.jpg in Resources */,
				E415D4661637D32000975352 /* RioDeJaneiro.jpg in Resources */,
				E415D4671637D32000975352 /* Rome.jpg in Resources */,
				E415D4681637D32000975352 /* Salvador.jpg in Resources */,
				E415D4691637D32000975352 /* SanFrancisco.jpg in Resources */,
				E415D46A1637D32000975352 /* SaoPaulo.jpg in Resources */,
				E415D46B1637D32000975352 /* Sapporo.jpg in Resources */,
				E415D46C1637D32000975352 /* Seattle.jpg in Resources */,
				E415D46D1637D32000975352 /* Shanghai.jpg in Resources */,
				E415D46E1637D32000975352 /* Shenyang.jpg in Resources */,
				E415D46F1637D32000975352 /* Shibuya.jpg in Resources */,
				E415D4701637D32000975352 /* Shinagawa.jpg in Resources */,
				E415D4711637D32000975352 /* Shinjuku.jpg in Resources */,
				E415D4721637D32000975352 /* Singapore.jpg in Resources */,
				E415D4731637D32000975352 /* Sumida.jpg in Resources */,
				E415D4741637D32000975352 /* Sydney.jpg in Resources */,
				E415D4751637D32000975352 /* Taichung.jpg in Resources */,
				E415D4761637D32000975352 /* Tainan.jpg in Resources */,
				E415D4771637D32000975352 /* Taipei.jpg in Resources */,
				E415D4781637D32000975352 /* Tianjin.jpg in Resources */,
				E415D4791637D32000975352 /* Tokyo.jpg in Resources */,
				E415D47A1637D32000975352 /* Toronto.jpg in Resources */,
				E415D47B1637D32000975352 /* Ueno.jpg in Resources */,
				E415D47C1637D32000975352 /* Vancouver.jpg in Resources */,
				E415D47D1637D32000975352 /* Victoria.jpg in Resources */,
				E415D47E1637D32000975352 /* Washington.jpg in Resources */,
				E415D47F1637D32000975352 /* Wellington.jpg in Resources */,
				E415D4801637D32000975352 /* Wells.jpg in Resources */,
				E415D4811637D32000975352 /* Westminster.jpg in Resources */,
				E415D4821637D32000975352 /* Wuhan.jpg in Resources */,
				E415D4831637D32000975352 /* Yokohama.jpg in Resources */,
			);
			runOnlyForDeploymentPostprocessing = 0;
		};
/* End PBXResourcesBuildPhase section */

/* Begin PBXSourcesBuildPhase section */
		E415D3B31637D2EB00975352 /* Sources */ = {
			isa = PBXSourcesBuildPhase;
			buildActionMask = 2147483647;
			files = (
				E415D3C81637D2EB00975352 /* main.m in Sources */,
				E415D3CC1637D2EB00975352 /* CLAppDelegate.m in Sources */,
				E415D4861637D37600975352 /* CLDataSource.m in Sources */,
				E415D48A1637D5E300975352 /* CLContinentListViewController.m in Sources */,
				E415D48D1637D6E200975352 /* CLContinentCell.m in Sources */,
				E415D4911637EBCA00975352 /* CLCityListViewController.m in Sources */,
				E415D4941637EBEE00975352 /* CLCityCell.m in Sources */,
				E415D4A41638963F00975352 /* CLDetailViewController.m in Sources */,
			);
			runOnlyForDeploymentPostprocessing = 0;
		};
/* End PBXSourcesBuildPhase section */

/* Begin PBXVariantGroup section */
		E415D3C41637D2EB00975352 /* InfoPlist.strings */ = {
			isa = PBXVariantGroup;
			children = (
				E415D3C51637D2EB00975352 /* en */,
			);
			name = InfoPlist.strings;
			sourceTree = "<group>";
		};
		E415D3D31637D2EB00975352 /* MainStoryboard.storyboard */ = {
			isa = PBXVariantGroup;
			children = (
				E415D3D41637D2EB00975352 /* en */,
			);
			name = MainStoryboard.storyboard;
			sourceTree = "<group>";
		};
/* End PBXVariantGroup section */

/* Begin XCBuildConfiguration section */
		E415D3D91637D2EB00975352 /* Debug */ = {
			isa = XCBuildConfiguration;
			buildSettings = {
				ALWAYS_SEARCH_USER_PATHS = NO;
				CLANG_CXX_LANGUAGE_STANDARD = "gnu++0x";
				CLANG_CXX_LIBRARY = "libc++";
				CLANG_ENABLE_OBJC_ARC = YES;
				CLANG_WARN_EMPTY_BODY = YES;
				CLANG_WARN__DUPLICATE_METHOD_MATCH = YES;
				"CODE_SIGN_IDENTITY[sdk=iphoneos*]" = "iPhone Developer";
				COPY_PHASE_STRIP = NO;
				GCC_C_LANGUAGE_STANDARD = gnu99;
				GCC_DYNAMIC_NO_PIC = NO;
				GCC_OPTIMIZATION_LEVEL = 0;
				GCC_PREPROCESSOR_DEFINITIONS = (
					"DEBUG=1",
					"$(inherited)",
				);
				GCC_SYMBOLS_PRIVATE_EXTERN = NO;
				GCC_WARN_ABOUT_RETURN_TYPE = YES;
				GCC_WARN_UNINITIALIZED_AUTOS = YES;
				GCC_WARN_UNUSED_VARIABLE = YES;
				IPHONEOS_DEPLOYMENT_TARGET = 6.0;
				ONLY_ACTIVE_ARCH = YES;
				SDKROOT = iphoneos;
			};
			name = Debug;
		};
		E415D3DA1637D2EB00975352 /* Release */ = {
			isa = XCBuildConfiguration;
			buildSettings = {
				ALWAYS_SEARCH_USER_PATHS = NO;
				CLANG_CXX_LANGUAGE_STANDARD = "gnu++0x";
				CLANG_CXX_LIBRARY = "libc++";
				CLANG_ENABLE_OBJC_ARC = YES;
				CLANG_WARN_EMPTY_BODY = YES;
				CLANG_WARN__DUPLICATE_METHOD_MATCH = YES;
				"CODE_SIGN_IDENTITY[sdk=iphoneos*]" = "iPhone Developer";
				COPY_PHASE_STRIP = YES;
				GCC_C_LANGUAGE_STANDARD = gnu99;
				GCC_WARN_ABOUT_RETURN_TYPE = YES;
				GCC_WARN_UNINITIALIZED_AUTOS = YES;
				GCC_WARN_UNUSED_VARIABLE = YES;
				IPHONEOS_DEPLOYMENT_TARGET = 6.0;
				OTHER_CFLAGS = "-DNS_BLOCK_ASSERTIONS=1";
				SDKROOT = iphoneos;
				VALIDATE_PRODUCT = YES;
			};
			name = Release;
		};
		E415D3DC1637D2EB00975352 /* Debug */ = {
			isa = XCBuildConfiguration;
			buildSettings = {
				GCC_PRECOMPILE_PREFIX_HEADER = YES;
				GCC_PREFIX_HEADER = "City List/City List-Prefix.pch";
				INFOPLIST_FILE = "City List/City List-Info.plist";
				PRODUCT_NAME = "$(TARGET_NAME)";
				WRAPPER_EXTENSION = app;
			};
			name = Debug;
		};
		E415D3DD1637D2EB00975352 /* Release */ = {
			isa = XCBuildConfiguration;
			buildSettings = {
				GCC_PRECOMPILE_PREFIX_HEADER = YES;
				GCC_PREFIX_HEADER = "City List/City List-Prefix.pch";
				INFOPLIST_FILE = "City List/City List-Info.plist";
				PRODUCT_NAME = "$(TARGET_NAME)";
				WRAPPER_EXTENSION = app;
			};
			name = Release;
		};
/* End XCBuildConfiguration section */

/* Begin XCConfigurationList section */
		E415D3B11637D2EB00975352 /* Build configuration list for PBXProject "City List" */ = {
			isa = XCConfigurationList;
			buildConfigurations = (
				E415D3D91637D2EB00975352 /* Debug */,
				E415D3DA1637D2EB00975352 /* Release */,
			);
			defaultConfigurationIsVisible = 0;
			defaultConfigurationName = Release;
		};
		E415D3DB1637D2EB00975352 /* Build configuration list for PBXNativeTarget "City List" */ = {
			isa = XCConfigurationList;
			buildConfigurations = (
				E415D3DC1637D2EB00975352 /* Debug */,
				E415D3DD1637D2EB00975352 /* Release */,
			);
			defaultConfigurationIsVisible = 0;
		};
/* End XCConfigurationList section */
	};
	rootObject = E415D3AE1637D2EB00975352 /* Project object */;
}
